
Microsoft Visual Studio Solution File, Format Version 12.00
Project("{FAE04EC0-301F-11D3-BF4B-00C04F79EFBC}") = "MethodConsoleApp", "MethodConsoleApp\MethodConsoleApp.csproj", "{24F61B34-AAEF-4015-A8C8-7BA67B6B40D1}"
EndProject
Project("{FAE04EC0-301F-11D3-BF4B-00C04F79EFBC}") = "HelpersLibrary", "HelpersLibrary\HelpersLibrary.csproj", "{A455F597-7C6F-4262-B0CD-0237B2E16A0B}"
EndProject
Project("{2150E333-8FDC-42A3-9474-1A3956D46DE8}") = "PearsonEducation", "PearsonEducation", "{06AA6CD6-462C-4D15-87D8-112F8C616DAE}"
EndProject
Project("{2150E333-8FDC-42A3-9474-1A3956D46DE8}") = "Futures", "Futures", "{DE330654-F1D1-468D-9773-C961A3FA5317}"
EndProject
Project("{FAE04EC0-301F-11D3-BF4B-00C04F79EFBC}") = "LabelsAndGoto", "LabelsAndGoto\LabelsAndGoto.csproj", "{36EB5E41-7183-488A-BF88-47772CFC7905}"
EndProject
Project("{FAE04EC0-301F-11D3-BF4B-00C04F79EFBC}") = "ArraysConsoleApp", "ArraysConsoleApp\ArraysConsoleApp.csproj", "{BBAE039F-1414-4D25-9D5D-9DEAA2ACB218}"
EndProject
Project("{FAE04EC0-301F-11D3-BF4B-00C04F79EFBC}") = "HowManyMethods", "HowManyMethods\HowManyMethods.csproj", "{7FBB7724-2BAF-4341-BFB6-A3B2386130BB}"
EndProject
Project("{FAE04EC0-301F-11D3-BF4B-00C04F79EFBC}") = "BankAccount", "BankAccount\BankAccount.csproj", "{A6CF965F-9D73-4581-B632-60F87047BB68}"
EndProject
Project("{FAE04EC0-301F-11D3-BF4B-00C04F79EFBC}") = "StudentGrades", "StudentGrades\StudentGrades.csproj", "{9E25A2B8-55BA-442B-BD17-994AE9D099C8}"
EndProject
Project("{2150E333-8FDC-42A3-9474-1A3956D46DE8}") = "PackedC#Book", "PackedC#Book", "{72163177-6E66-4B70-9EF2-074ECD47A0F3}"
EndProject
Project("{FAE04EC0-301F-11D3-BF4B-00C04F79EFBC}") = "Numbers", "Numbers\Numbers.csproj", "{4CFBC601-4BF1-4640-9E57-B4F450DDFFD1}"
EndProject
Project("{FAE04EC0-301F-11D3-BF4B-00C04F79EFBC}") = "NullHandling", "NullHandling\NullHandling.csproj", "{1C38A21B-6BE1-4670-89E1-AD6FEFCECD1B}"
EndProject
Project("{FAE04EC0-301F-11D3-BF4B-00C04F79EFBC}") = "InputKeyConsole", "InputKeyConsole\InputKeyConsole.csproj", "{F1F17DE4-4348-4A7A-9225-1F6F39671FD9}"
EndProject
Project("{FAE04EC0-301F-11D3-BF4B-00C04F79EFBC}") = "ConsoleArguments", "ConsoleArguments\ConsoleArguments.csproj", "{3E647B31-07E8-40F5-9DE2-B63B2C9D4A91}"
EndProject
Project("{FAE04EC0-301F-11D3-BF4B-00C04F79EFBC}") = "NumbersMinMax", "NumbersMinMax\NumbersMinMax.csproj", "{8BB91B0D-D391-4220-AD7E-70C2250E315B}"
EndProject
Project("{2150E333-8FDC-42A3-9474-1A3956D46DE8}") = "Chapter02", "Chapter02", "{77B49D5C-A5E7-4961-8BDB-FAED6EC50C6A}"
EndProject
Project("{2150E333-8FDC-42A3-9474-1A3956D46DE8}") = "Chapter03", "Chapter03", "{0617DAA4-2698-415A-B0B7-16B2040932D9}"
EndProject
Project("{FAE04EC0-301F-11D3-BF4B-00C04F79EFBC}") = "InputConsole", "InputConsole\InputConsole.csproj", "{76EA4A6A-469F-43B5-A6B9-7AA16C7FBB62}"
EndProject
Project("{FAE04EC0-301F-11D3-BF4B-00C04F79EFBC}") = "Operators", "Operators\Operators.csproj", "{B38EA4A2-8B6C-449B-8D7F-5B67596E06EE}"
EndProject
Project("{FAE04EC0-301F-11D3-BF4B-00C04F79EFBC}") = "BooleanOperators", "BooleanOperators\BooleanOperators.csproj", "{74DC63DF-073A-4697-9179-A99098C2BFD0}"
EndProject
Project("{FAE04EC0-301F-11D3-BF4B-00C04F79EFBC}") = "BitwiseAndShiftOperators", "BitwiseAndShiftOperators\BitwiseAndShiftOperators.csproj", "{7C0AA5D0-CB64-4B1C-B5DB-1452B3C35DCA}"
EndProject
Project("{FAE04EC0-301F-11D3-BF4B-00C04F79EFBC}") = "PatternMatching", "PatternMatching\PatternMatching.csproj", "{1F798803-8D8C-415E-80EE-50FB9B167C7F}"
EndProject
Project("{FAE04EC0-301F-11D3-BF4B-00C04F79EFBC}") = "SwitchExamples", "SwitchExamples\SwitchExamples.csproj", "{FB76121D-8AD4-440D-B1CE-1DA6F899F0F3}"
EndProject
Project("{FAE04EC0-301F-11D3-BF4B-00C04F79EFBC}") = "HandlingExeption", "HandlingExeption\HandlingExeption.csproj", "{32040D8D-4F32-4C33-8241-11B891F8335A}"
EndProject
Project("{FAE04EC0-301F-11D3-BF4B-00C04F79EFBC}") = "ExerciseChapter03", "ExerciseChapter03\ExerciseChapter03.csproj", "{DEE75146-81E1-4678-84E4-A8B2EDDAE56C}"
EndProject
Project("{FAE04EC0-301F-11D3-BF4B-00C04F79EFBC}") = "DivisionTwoNumbers", "DivisionTwoNumbers\DivisionTwoNumbers.csproj", "{B99914A8-05CD-46F8-99E2-C74E2ED8FABD}"
EndProject
Project("{2150E333-8FDC-42A3-9474-1A3956D46DE8}") = "Chapter04", "Chapter04", "{DE5AAFDB-A134-4886-92DC-7374F6302FF1}"
EndProject
Project("{FAE04EC0-301F-11D3-BF4B-00C04F79EFBC}") = "WritingFunctions", "WritingFunctions\WritingFunctions.csproj", "{99297FEC-B011-4D29-94B0-ED0E3D3E5103}"
EndProject
Project("{FAE04EC0-301F-11D3-BF4B-00C04F79EFBC}") = "DebugTrace", "DebugTrace\DebugTrace.csproj", "{BFA7F687-F674-4165-8AC0-14B73A53A64B}"
EndProject
Project("{FAE04EC0-301F-11D3-BF4B-00C04F79EFBC}") = "WhatIsYourName", "WhatIsYourName\WhatIsYourName.csproj", "{4D63D5A6-967F-4D5F-B18F-06674AF65BE4}"
EndProject
Project("{2150E333-8FDC-42A3-9474-1A3956D46DE8}") = "Chapter05", "Chapter05", "{1E9FBCF8-7A5C-4E65-9C28-91779786191D}"
EndProject
Project("{FAE04EC0-301F-11D3-BF4B-00C04F79EFBC}") = "PacktLibrary", "PacktLibrary\PacktLibrary.csproj", "{D224E5F8-17C8-442F-9B2A-75A435127434}"
EndProject
Project("{FAE04EC0-301F-11D3-BF4B-00C04F79EFBC}") = "PeopleApp", "PeopleApp\PeopleApp.csproj", "{8F47B216-437A-41EB-B05C-DE9798215088}"
EndProject
Project("{2150E333-8FDC-42A3-9474-1A3956D46DE8}") = "SQLiteProjects", "SQLiteProjects", "{11BE6742-BD00-48ED-9413-0A73D44445A3}"
EndProject
Project("{FAE04EC0-301F-11D3-BF4B-00C04F79EFBC}") = "SQLiteCRUD", "SQLiteCRUD\SQLiteCRUD.csproj", "{8ED0355C-5994-4901-8C1F-9220370B2FF6}"
EndProject
Project("{2150E333-8FDC-42A3-9474-1A3956D46DE8}") = "BlazorProjects", "BlazorProjects", "{E5D75026-98A8-4AA8-BC2E-E1504F00CFDE}"
EndProject
Project("{FAE04EC0-301F-11D3-BF4B-00C04F79EFBC}") = "BlazorHelloWorl", "BlazorHelloWorl\BlazorHelloWorl.csproj", "{0CF8413E-E100-4538-B99F-7DEECE84FDCF}"
EndProject
Project("{FAE04EC0-301F-11D3-BF4B-00C04F79EFBC}") = "BlazorWAProject", "BlazorWAProject\BlazorWAProject.csproj", "{C3B620D2-4B92-449A-9EC7-4EFB0BE395C3}"
EndProject
Global
	GlobalSection(SolutionConfigurationPlatforms) = preSolution
		Debug|Any CPU = Debug|Any CPU
		Release|Any CPU = Release|Any CPU
	EndGlobalSection
	GlobalSection(ProjectConfigurationPlatforms) = postSolution
		{24F61B34-AAEF-4015-A8C8-7BA67B6B40D1}.Debug|Any CPU.ActiveCfg = Debug|Any CPU
		{24F61B34-AAEF-4015-A8C8-7BA67B6B40D1}.Debug|Any CPU.Build.0 = Debug|Any CPU
		{24F61B34-AAEF-4015-A8C8-7BA67B6B40D1}.Release|Any CPU.ActiveCfg = Release|Any CPU
		{24F61B34-AAEF-4015-A8C8-7BA67B6B40D1}.Release|Any CPU.Build.0 = Release|Any CPU
		{A455F597-7C6F-4262-B0CD-0237B2E16A0B}.Debug|Any CPU.ActiveCfg = Debug|Any CPU
		{A455F597-7C6F-4262-B0CD-0237B2E16A0B}.Debug|Any CPU.Build.0 = Debug|Any CPU
		{A455F597-7C6F-4262-B0CD-0237B2E16A0B}.Release|Any CPU.ActiveCfg = Release|Any CPU
		{A455F597-7C6F-4262-B0CD-0237B2E16A0B}.Release|Any CPU.Build.0 = Release|Any CPU
		{36EB5E41-7183-488A-BF88-47772CFC7905}.Debug|Any CPU.ActiveCfg = Debug|Any CPU
		{36EB5E41-7183-488A-BF88-47772CFC7905}.Debug|Any CPU.Build.0 = Debug|Any CPU
		{36EB5E41-7183-488A-BF88-47772CFC7905}.Release|Any CPU.ActiveCfg = Release|Any CPU
		{36EB5E41-7183-488A-BF88-47772CFC7905}.Release|Any CPU.Build.0 = Release|Any CPU
		{BBAE039F-1414-4D25-9D5D-9DEAA2ACB218}.Debug|Any CPU.ActiveCfg = Debug|Any CPU
		{BBAE039F-1414-4D25-9D5D-9DEAA2ACB218}.Debug|Any CPU.Build.0 = Debug|Any CPU
		{BBAE039F-1414-4D25-9D5D-9DEAA2ACB218}.Release|Any CPU.ActiveCfg = Release|Any CPU
		{BBAE039F-1414-4D25-9D5D-9DEAA2ACB218}.Release|Any CPU.Build.0 = Release|Any CPU
		{7FBB7724-2BAF-4341-BFB6-A3B2386130BB}.Debug|Any CPU.ActiveCfg = Debug|Any CPU
		{7FBB7724-2BAF-4341-BFB6-A3B2386130BB}.Debug|Any CPU.Build.0 = Debug|Any CPU
		{7FBB7724-2BAF-4341-BFB6-A3B2386130BB}.Release|Any CPU.ActiveCfg = Release|Any CPU
		{7FBB7724-2BAF-4341-BFB6-A3B2386130BB}.Release|Any CPU.Build.0 = Release|Any CPU
		{A6CF965F-9D73-4581-B632-60F87047BB68}.Debug|Any CPU.ActiveCfg = Debug|Any CPU
		{A6CF965F-9D73-4581-B632-60F87047BB68}.Debug|Any CPU.Build.0 = Debug|Any CPU
		{A6CF965F-9D73-4581-B632-60F87047BB68}.Release|Any CPU.ActiveCfg = Release|Any CPU
		{A6CF965F-9D73-4581-B632-60F87047BB68}.Release|Any CPU.Build.0 = Release|Any CPU
		{9E25A2B8-55BA-442B-BD17-994AE9D099C8}.Debug|Any CPU.ActiveCfg = Debug|Any CPU
		{9E25A2B8-55BA-442B-BD17-994AE9D099C8}.Debug|Any CPU.Build.0 = Debug|Any CPU
		{9E25A2B8-55BA-442B-BD17-994AE9D099C8}.Release|Any CPU.ActiveCfg = Release|Any CPU
		{9E25A2B8-55BA-442B-BD17-994AE9D099C8}.Release|Any CPU.Build.0 = Release|Any CPU
		{4CFBC601-4BF1-4640-9E57-B4F450DDFFD1}.Debug|Any CPU.ActiveCfg = Debug|Any CPU
		{4CFBC601-4BF1-4640-9E57-B4F450DDFFD1}.Debug|Any CPU.Build.0 = Debug|Any CPU
		{4CFBC601-4BF1-4640-9E57-B4F450DDFFD1}.Release|Any CPU.ActiveCfg = Release|Any CPU
		{4CFBC601-4BF1-4640-9E57-B4F450DDFFD1}.Release|Any CPU.Build.0 = Release|Any CPU
		{1C38A21B-6BE1-4670-89E1-AD6FEFCECD1B}.Debug|Any CPU.ActiveCfg = Debug|Any CPU
		{1C38A21B-6BE1-4670-89E1-AD6FEFCECD1B}.Debug|Any CPU.Build.0 = Debug|Any CPU
		{1C38A21B-6BE1-4670-89E1-AD6FEFCECD1B}.Release|Any CPU.ActiveCfg = Release|Any CPU
		{1C38A21B-6BE1-4670-89E1-AD6FEFCECD1B}.Release|Any CPU.Build.0 = Release|Any CPU
		{F1F17DE4-4348-4A7A-9225-1F6F39671FD9}.Debug|Any CPU.ActiveCfg = Debug|Any CPU
		{F1F17DE4-4348-4A7A-9225-1F6F39671FD9}.Debug|Any CPU.Build.0 = Debug|Any CPU
		{F1F17DE4-4348-4A7A-9225-1F6F39671FD9}.Release|Any CPU.ActiveCfg = Release|Any CPU
		{F1F17DE4-4348-4A7A-9225-1F6F39671FD9}.Release|Any CPU.Build.0 = Release|Any CPU
		{3E647B31-07E8-40F5-9DE2-B63B2C9D4A91}.Debug|Any CPU.ActiveCfg = Debug|Any CPU
		{3E647B31-07E8-40F5-9DE2-B63B2C9D4A91}.Debug|Any CPU.Build.0 = Debug|Any CPU
		{3E647B31-07E8-40F5-9DE2-B63B2C9D4A91}.Release|Any CPU.ActiveCfg = Release|Any CPU
		{3E647B31-07E8-40F5-9DE2-B63B2C9D4A91}.Release|Any CPU.Build.0 = Release|Any CPU
		{8BB91B0D-D391-4220-AD7E-70C2250E315B}.Debug|Any CPU.ActiveCfg = Debug|Any CPU
		{8BB91B0D-D391-4220-AD7E-70C2250E315B}.Debug|Any CPU.Build.0 = Debug|Any CPU
		{8BB91B0D-D391-4220-AD7E-70C2250E315B}.Release|Any CPU.ActiveCfg = Release|Any CPU
		{8BB91B0D-D391-4220-AD7E-70C2250E315B}.Release|Any CPU.Build.0 = Release|Any CPU
		{76EA4A6A-469F-43B5-A6B9-7AA16C7FBB62}.Debug|Any CPU.ActiveCfg = Debug|Any CPU
		{76EA4A6A-469F-43B5-A6B9-7AA16C7FBB62}.Debug|Any CPU.Build.0 = Debug|Any CPU
		{76EA4A6A-469F-43B5-A6B9-7AA16C7FBB62}.Release|Any CPU.ActiveCfg = Release|Any CPU
		{76EA4A6A-469F-43B5-A6B9-7AA16C7FBB62}.Release|Any CPU.Build.0 = Release|Any CPU
		{B38EA4A2-8B6C-449B-8D7F-5B67596E06EE}.Debug|Any CPU.ActiveCfg = Debug|Any CPU
		{B38EA4A2-8B6C-449B-8D7F-5B67596E06EE}.Debug|Any CPU.Build.0 = Debug|Any CPU
		{B38EA4A2-8B6C-449B-8D7F-5B67596E06EE}.Release|Any CPU.ActiveCfg = Release|Any CPU
		{B38EA4A2-8B6C-449B-8D7F-5B67596E06EE}.Release|Any CPU.Build.0 = Release|Any CPU
		{74DC63DF-073A-4697-9179-A99098C2BFD0}.Debug|Any CPU.ActiveCfg = Debug|Any CPU
		{74DC63DF-073A-4697-9179-A99098C2BFD0}.Debug|Any CPU.Build.0 = Debug|Any CPU
		{74DC63DF-073A-4697-9179-A99098C2BFD0}.Release|Any CPU.ActiveCfg = Release|Any CPU
		{74DC63DF-073A-4697-9179-A99098C2BFD0}.Release|Any CPU.Build.0 = Release|Any CPU
		{7C0AA5D0-CB64-4B1C-B5DB-1452B3C35DCA}.Debug|Any CPU.ActiveCfg = Debug|Any CPU
		{7C0AA5D0-CB64-4B1C-B5DB-1452B3C35DCA}.Debug|Any CPU.Build.0 = Debug|Any CPU
		{7C0AA5D0-CB64-4B1C-B5DB-1452B3C35DCA}.Release|Any CPU.ActiveCfg = Release|Any CPU
		{7C0AA5D0-CB64-4B1C-B5DB-1452B3C35DCA}.Release|Any CPU.Build.0 = Release|Any CPU
		{1F798803-8D8C-415E-80EE-50FB9B167C7F}.Debug|Any CPU.ActiveCfg = Debug|Any CPU
		{1F798803-8D8C-415E-80EE-50FB9B167C7F}.Debug|Any CPU.Build.0 = Debug|Any CPU
		{1F798803-8D8C-415E-80EE-50FB9B167C7F}.Release|Any CPU.ActiveCfg = Release|Any CPU
		{1F798803-8D8C-415E-80EE-50FB9B167C7F}.Release|Any CPU.Build.0 = Release|Any CPU
		{FB76121D-8AD4-440D-B1CE-1DA6F899F0F3}.Debug|Any CPU.ActiveCfg = Debug|Any CPU
		{FB76121D-8AD4-440D-B1CE-1DA6F899F0F3}.Debug|Any CPU.Build.0 = Debug|Any CPU
		{FB76121D-8AD4-440D-B1CE-1DA6F899F0F3}.Release|Any CPU.ActiveCfg = Release|Any CPU
		{FB76121D-8AD4-440D-B1CE-1DA6F899F0F3}.Release|Any CPU.Build.0 = Release|Any CPU
		{32040D8D-4F32-4C33-8241-11B891F8335A}.Debug|Any CPU.ActiveCfg = Debug|Any CPU
		{32040D8D-4F32-4C33-8241-11B891F8335A}.Debug|Any CPU.Build.0 = Debug|Any CPU
		{32040D8D-4F32-4C33-8241-11B891F8335A}.Release|Any CPU.ActiveCfg = Release|Any CPU
		{32040D8D-4F32-4C33-8241-11B891F8335A}.Release|Any CPU.Build.0 = Release|Any CPU
		{DEE75146-81E1-4678-84E4-A8B2EDDAE56C}.Debug|Any CPU.ActiveCfg = Debug|Any CPU
		{DEE75146-81E1-4678-84E4-A8B2EDDAE56C}.Debug|Any CPU.Build.0 = Debug|Any CPU
		{DEE75146-81E1-4678-84E4-A8B2EDDAE56C}.Release|Any CPU.ActiveCfg = Release|Any CPU
		{DEE75146-81E1-4678-84E4-A8B2EDDAE56C}.Release|Any CPU.Build.0 = Release|Any CPU
		{B99914A8-05CD-46F8-99E2-C74E2ED8FABD}.Debug|Any CPU.ActiveCfg = Debug|Any CPU
		{B99914A8-05CD-46F8-99E2-C74E2ED8FABD}.Debug|Any CPU.Build.0 = Debug|Any CPU
		{B99914A8-05CD-46F8-99E2-C74E2ED8FABD}.Release|Any CPU.ActiveCfg = Release|Any CPU
		{B99914A8-05CD-46F8-99E2-C74E2ED8FABD}.Release|Any CPU.Build.0 = Release|Any CPU
		{99297FEC-B011-4D29-94B0-ED0E3D3E5103}.Debug|Any CPU.ActiveCfg = Debug|Any CPU
		{99297FEC-B011-4D29-94B0-ED0E3D3E5103}.Debug|Any CPU.Build.0 = Debug|Any CPU
		{99297FEC-B011-4D29-94B0-ED0E3D3E5103}.Release|Any CPU.ActiveCfg = Release|Any CPU
		{99297FEC-B011-4D29-94B0-ED0E3D3E5103}.Release|Any CPU.Build.0 = Release|Any CPU
		{BFA7F687-F674-4165-8AC0-14B73A53A64B}.Debug|Any CPU.ActiveCfg = Debug|Any CPU
		{BFA7F687-F674-4165-8AC0-14B73A53A64B}.Debug|Any CPU.Build.0 = Debug|Any CPU
		{BFA7F687-F674-4165-8AC0-14B73A53A64B}.Release|Any CPU.ActiveCfg = Release|Any CPU
		{BFA7F687-F674-4165-8AC0-14B73A53A64B}.Release|Any CPU.Build.0 = Release|Any CPU
		{4D63D5A6-967F-4D5F-B18F-06674AF65BE4}.Debug|Any CPU.ActiveCfg = Debug|Any CPU
		{4D63D5A6-967F-4D5F-B18F-06674AF65BE4}.Debug|Any CPU.Build.0 = Debug|Any CPU
		{4D63D5A6-967F-4D5F-B18F-06674AF65BE4}.Release|Any CPU.ActiveCfg = Release|Any CPU
		{4D63D5A6-967F-4D5F-B18F-06674AF65BE4}.Release|Any CPU.Build.0 = Release|Any CPU
		{D224E5F8-17C8-442F-9B2A-75A435127434}.Debug|Any CPU.ActiveCfg = Debug|Any CPU
		{D224E5F8-17C8-442F-9B2A-75A435127434}.Debug|Any CPU.Build.0 = Debug|Any CPU
		{D224E5F8-17C8-442F-9B2A-75A435127434}.Release|Any CPU.ActiveCfg = Release|Any CPU
		{D224E5F8-17C8-442F-9B2A-75A435127434}.Release|Any CPU.Build.0 = Release|Any CPU
		{8F47B216-437A-41EB-B05C-DE9798215088}.Debug|Any CPU.ActiveCfg = Debug|Any CPU
		{8F47B216-437A-41EB-B05C-DE9798215088}.Debug|Any CPU.Build.0 = Debug|Any CPU
		{8F47B216-437A-41EB-B05C-DE9798215088}.Release|Any CPU.ActiveCfg = Release|Any CPU
		{8F47B216-437A-41EB-B05C-DE9798215088}.Release|Any CPU.Build.0 = Release|Any CPU
		{8ED0355C-5994-4901-8C1F-9220370B2FF6}.Debug|Any CPU.ActiveCfg = Debug|Any CPU
		{8ED0355C-5994-4901-8C1F-9220370B2FF6}.Debug|Any CPU.Build.0 = Debug|Any CPU
		{8ED0355C-5994-4901-8C1F-9220370B2FF6}.Release|Any CPU.ActiveCfg = Release|Any CPU
		{8ED0355C-5994-4901-8C1F-9220370B2FF6}.Release|Any CPU.Build.0 = Release|Any CPU
		{0CF8413E-E100-4538-B99F-7DEECE84FDCF}.Debug|Any CPU.ActiveCfg = Debug|Any CPU
		{0CF8413E-E100-4538-B99F-7DEECE84FDCF}.Debug|Any CPU.Build.0 = Debug|Any CPU
		{0CF8413E-E100-4538-B99F-7DEECE84FDCF}.Release|Any CPU.ActiveCfg = Release|Any CPU
		{0CF8413E-E100-4538-B99F-7DEECE84FDCF}.Release|Any CPU.Build.0 = Release|Any CPU
		{C3B620D2-4B92-449A-9EC7-4EFB0BE395C3}.Debug|Any CPU.ActiveCfg = Debug|Any CPU
		{C3B620D2-4B92-449A-9EC7-4EFB0BE395C3}.Debug|Any CPU.Build.0 = Debug|Any CPU
		{C3B620D2-4B92-449A-9EC7-4EFB0BE395C3}.Release|Any CPU.ActiveCfg = Release|Any CPU
		{C3B620D2-4B92-449A-9EC7-4EFB0BE395C3}.Release|Any CPU.Build.0 = Release|Any CPU
	EndGlobalSection
	GlobalSection(NestedProjects) = preSolution
		{A455F597-7C6F-4262-B0CD-0237B2E16A0B} = {06AA6CD6-462C-4D15-87D8-112F8C616DAE}
		{24F61B34-AAEF-4015-A8C8-7BA67B6B40D1} = {06AA6CD6-462C-4D15-87D8-112F8C616DAE}
		{36EB5E41-7183-488A-BF88-47772CFC7905} = {DE330654-F1D1-468D-9773-C961A3FA5317}
		{BBAE039F-1414-4D25-9D5D-9DEAA2ACB218} = {06AA6CD6-462C-4D15-87D8-112F8C616DAE}
		{7FBB7724-2BAF-4341-BFB6-A3B2386130BB} = {06AA6CD6-462C-4D15-87D8-112F8C616DAE}
		{A6CF965F-9D73-4581-B632-60F87047BB68} = {06AA6CD6-462C-4D15-87D8-112F8C616DAE}
		{9E25A2B8-55BA-442B-BD17-994AE9D099C8} = {06AA6CD6-462C-4D15-87D8-112F8C616DAE}
		{77B49D5C-A5E7-4961-8BDB-FAED6EC50C6A} = {72163177-6E66-4B70-9EF2-074ECD47A0F3}
		{3E647B31-07E8-40F5-9DE2-B63B2C9D4A91} = {77B49D5C-A5E7-4961-8BDB-FAED6EC50C6A}
		{F1F17DE4-4348-4A7A-9225-1F6F39671FD9} = {77B49D5C-A5E7-4961-8BDB-FAED6EC50C6A}
		{1C38A21B-6BE1-4670-89E1-AD6FEFCECD1B} = {77B49D5C-A5E7-4961-8BDB-FAED6EC50C6A}
		{4CFBC601-4BF1-4640-9E57-B4F450DDFFD1} = {77B49D5C-A5E7-4961-8BDB-FAED6EC50C6A}
		{8BB91B0D-D391-4220-AD7E-70C2250E315B} = {77B49D5C-A5E7-4961-8BDB-FAED6EC50C6A}
		{0617DAA4-2698-415A-B0B7-16B2040932D9} = {72163177-6E66-4B70-9EF2-074ECD47A0F3}
		{76EA4A6A-469F-43B5-A6B9-7AA16C7FBB62} = {0617DAA4-2698-415A-B0B7-16B2040932D9}
		{B38EA4A2-8B6C-449B-8D7F-5B67596E06EE} = {0617DAA4-2698-415A-B0B7-16B2040932D9}
		{74DC63DF-073A-4697-9179-A99098C2BFD0} = {0617DAA4-2698-415A-B0B7-16B2040932D9}
		{7C0AA5D0-CB64-4B1C-B5DB-1452B3C35DCA} = {0617DAA4-2698-415A-B0B7-16B2040932D9}
		{1F798803-8D8C-415E-80EE-50FB9B167C7F} = {0617DAA4-2698-415A-B0B7-16B2040932D9}
		{FB76121D-8AD4-440D-B1CE-1DA6F899F0F3} = {0617DAA4-2698-415A-B0B7-16B2040932D9}
		{32040D8D-4F32-4C33-8241-11B891F8335A} = {0617DAA4-2698-415A-B0B7-16B2040932D9}
		{DEE75146-81E1-4678-84E4-A8B2EDDAE56C} = {0617DAA4-2698-415A-B0B7-16B2040932D9}
		{B99914A8-05CD-46F8-99E2-C74E2ED8FABD} = {0617DAA4-2698-415A-B0B7-16B2040932D9}
		{DE5AAFDB-A134-4886-92DC-7374F6302FF1} = {72163177-6E66-4B70-9EF2-074ECD47A0F3}
		{99297FEC-B011-4D29-94B0-ED0E3D3E5103} = {DE5AAFDB-A134-4886-92DC-7374F6302FF1}
		{BFA7F687-F674-4165-8AC0-14B73A53A64B} = {DE5AAFDB-A134-4886-92DC-7374F6302FF1}
		{4D63D5A6-967F-4D5F-B18F-06674AF65BE4} = {DE5AAFDB-A134-4886-92DC-7374F6302FF1}
		{1E9FBCF8-7A5C-4E65-9C28-91779786191D} = {72163177-6E66-4B70-9EF2-074ECD47A0F3}
		{D224E5F8-17C8-442F-9B2A-75A435127434} = {1E9FBCF8-7A5C-4E65-9C28-91779786191D}
		{8F47B216-437A-41EB-B05C-DE9798215088} = {1E9FBCF8-7A5C-4E65-9C28-91779786191D}
		{8ED0355C-5994-4901-8C1F-9220370B2FF6} = {11BE6742-BD00-48ED-9413-0A73D44445A3}
		{0CF8413E-E100-4538-B99F-7DEECE84FDCF} = {E5D75026-98A8-4AA8-BC2E-E1504F00CFDE}
		{C3B620D2-4B92-449A-9EC7-4EFB0BE395C3} = {E5D75026-98A8-4AA8-BC2E-E1504F00CFDE}
	EndGlobalSection
EndGlobal
